
Microsoft Visual Studio Solution File, Format Version 12.00
# Visual Studio Version 17
VisualStudioVersion = 17.4.33213.308
MinimumVisualStudioVersion = 10.0.40219.1
Project("{FAE04EC0-301F-11D3-BF4B-00C04F79EFBC}") = "WebApplication1", "WebApplication1\WebApplication1.csproj", "{7FC3A464-3D3B-409B-A4A6-2ADE67D2D3C5}"
EndProject
Global
	GlobalSection(SolutionConfigurationPlatforms) = preSolution
		Debug|Any CPU = Debug|Any CPU
		Release|Any CPU = Release|Any CPU
	EndGlobalSection
	GlobalSection(ProjectConfigurationPlatforms) = postSolution
		{7FC3A464-3D3B-409B-A4A6-2ADE67D2D3C5}.Debug|Any CPU.ActiveCfg = Debug|Any CPU
		{7FC3A464-3D3B-409B-A4A6-2ADE67D2D3C5}.Debug|Any CPU.Build.0 = Debug|Any CPU
		{7FC3A464-3D3B-409B-A4A6-2ADE67D2D3C5}.Release|Any CPU.ActiveCfg = Release|Any CPU
		{7FC3A464-3D3B-409B-A4A6-2ADE67D2D3C5}.Release|Any CPU.Build.0 = Release|Any CPU
	EndGlobalSection
	GlobalSection(SolutionProperties) = preSolution
		HideSolutionNode = FALSE
	EndGlobalSection
	GlobalSection(ExtensibilityGlobals) = postSolution
		SolutionGuid = {3D396402-C189-4073-A64C-6924008ED165}
	EndGlobalSection
EndGlobal
